
Microsoft Visual Studio Solution File, Format Version 12.00
# Visual Studio Version 17
VisualStudioVersion = 17.9.34616.47
MinimumVisualStudioVersion = 10.0.40219.1
Project("{FAE04EC0-301F-11D3-BF4B-00C04F79EFBC}") = "RepositoryPattern0", "RepositoryPattern0\RepositoryPattern0.csproj", "{FB8835F8-1C16-4037-AEC8-E530D9735CFA}"
EndProject
Project("{FAE04EC0-301F-11D3-BF4B-00C04F79EFBC}") = "WOU.EF", "WOU.EF\WOU.EF.csproj", "{2F7BE156-1656-4A86-B8B9-AA89959C9A7D}"
EndProject
Project("{FAE04EC0-301F-11D3-BF4B-00C04F79EFBC}") = "WOU.Core", "WOU.Core\WOU.Core.csproj", "{6D85888B-B6DA-495A-ACF8-D5B0CFA1119D}"
EndProject
Global
	GlobalSection(SolutionConfigurationPlatforms) = preSolution
		Debug|Any CPU = Debug|Any CPU
		Release|Any CPU = Release|Any CPU
	EndGlobalSection
	GlobalSection(ProjectConfigurationPlatforms) = postSolution
		{FB8835F8-1C16-4037-AEC8-E530D9735CFA}.Debug|Any CPU.ActiveCfg = Debug|Any CPU
		{FB8835F8-1C16-4037-AEC8-E530D9735CFA}.Debug|Any CPU.Build.0 = Debug|Any CPU
		{FB8835F8-1C16-4037-AEC8-E530D9735CFA}.Release|Any CPU.ActiveCfg = Release|Any CPU
		{FB8835F8-1C16-4037-AEC8-E530D9735CFA}.Release|Any CPU.Build.0 = Release|Any CPU
		{2F7BE156-1656-4A86-B8B9-AA89959C9A7D}.Debug|Any CPU.ActiveCfg = Debug|Any CPU
		{2F7BE156-1656-4A86-B8B9-AA89959C9A7D}.Debug|Any CPU.Build.0 = Debug|Any CPU
		{2F7BE156-1656-4A86-B8B9-AA89959C9A7D}.Release|Any CPU.ActiveCfg = Release|Any CPU
		{2F7BE156-1656-4A86-B8B9-AA89959C9A7D}.Release|Any CPU.Build.0 = Release|Any CPU
		{6D85888B-B6DA-495A-ACF8-D5B0CFA1119D}.Debug|Any CPU.ActiveCfg = Debug|Any CPU
		{6D85888B-B6DA-495A-ACF8-D5B0CFA1119D}.Debug|Any CPU.Build.0 = Debug|Any CPU
		{6D85888B-B6DA-495A-ACF8-D5B0CFA1119D}.Release|Any CPU.ActiveCfg = Release|Any CPU
		{6D85888B-B6DA-495A-ACF8-D5B0CFA1119D}.Release|Any CPU.Build.0 = Release|Any CPU
	EndGlobalSection
	GlobalSection(SolutionProperties) = preSolution
		HideSolutionNode = FALSE
	EndGlobalSection
	GlobalSection(ExtensibilityGlobals) = postSolution
		SolutionGuid = {B414E074-897B-483B-AB0D-7277DFA63643}
	EndGlobalSection
EndGlobal
